<Solution>
  <Folder Name="/src/">
    <Project Path="src/Apex.Desktop/Apex.Desktop.csproj" />
    <Project Path="src/Apex.Ledger/Apex.Ledger.csproj" />
    <Project Path="src/Apex.Persistence.Sqlite/Apex.Persistence.Sqlite.csproj" />
  </Folder>
  <Folder Name="/tests/">
    <Project Path="tests/Apex.Ledger.Tests/Apex.Ledger.Tests.csproj" />
    <Project Path="tests/Apex.Persistence.Sqlite.Tests/Apex.Persistence.Sqlite.Tests.csproj" />
  </Folder>
</Solution>
